
Microsoft Visual Studio Solution File, Format Version 12.00
# Visual Studio Version 16
VisualStudioVersion = 16.0.30804.86
MinimumVisualStudioVersion = 10.0.40219.1
Project("{FAE04EC0-301F-11D3-BF4B-00C04F79EFBC}") = "SqlCon", "SqlCon.csproj", "{9D357408-15F5-4325-893B-01ABBC083D0C}"
EndProject
Global
	GlobalSection(SolutionConfigurationPlatforms) = preSolution
		Debug|Any CPU = Debug|Any CPU
		Release|Any CPU = Release|Any CPU
	EndGlobalSection
	GlobalSection(ProjectConfigurationPlatforms) = postSolution
		{9D357408-15F5-4325-893B-01ABBC083D0C}.Debug|Any CPU.ActiveCfg = Debug|Any CPU
		{9D357408-15F5-4325-893B-01ABBC083D0C}.Debug|Any CPU.Build.0 = Debug|Any CPU
		{9D357408-15F5-4325-893B-01ABBC083D0C}.Release|Any CPU.ActiveCfg = Release|Any CPU
		{9D357408-15F5-4325-893B-01ABBC083D0C}.Release|Any CPU.Build.0 = Release|Any CPU
	EndGlobalSection
	GlobalSection(SolutionProperties) = preSolution
		HideSolutionNode = FALSE
	EndGlobalSection
	GlobalSection(ExtensibilityGlobals) = postSolution
		SolutionGuid = {3DE5EDC3-3F71-4194-AA56-ED5FB61F12BC}
	EndGlobalSection
EndGlobal
